
Microsoft Visual Studio Solution File, Format Version 12.00
# Visual Studio Version 17
VisualStudioVersion = 17.6.33829.357
MinimumVisualStudioVersion = 10.0.40219.1
Project("{FAE04EC0-301F-11D3-BF4B-00C04F79EFBC}") = "HomeworkProgrammingTechnology_Number3", "HomeworkProgrammingTechnology_Number3\HomeworkProgrammingTechnology_Number3.csproj", "{7D895130-70E5-4CC1-BA7E-D2C5C9B7A803}"
EndProject
Global
	GlobalSection(SolutionConfigurationPlatforms) = preSolution
		Debug|Any CPU = Debug|Any CPU
		Release|Any CPU = Release|Any CPU
	EndGlobalSection
	GlobalSection(ProjectConfigurationPlatforms) = postSolution
		{7D895130-70E5-4CC1-BA7E-D2C5C9B7A803}.Debug|Any CPU.ActiveCfg = Debug|Any CPU
		{7D895130-70E5-4CC1-BA7E-D2C5C9B7A803}.Debug|Any CPU.Build.0 = Debug|Any CPU
		{7D895130-70E5-4CC1-BA7E-D2C5C9B7A803}.Release|Any CPU.ActiveCfg = Release|Any CPU
		{7D895130-70E5-4CC1-BA7E-D2C5C9B7A803}.Release|Any CPU.Build.0 = Release|Any CPU
	EndGlobalSection
	GlobalSection(SolutionProperties) = preSolution
		HideSolutionNode = FALSE
	EndGlobalSection
	GlobalSection(ExtensibilityGlobals) = postSolution
		SolutionGuid = {2E945CCE-779F-4E88-9EA8-4B1D8D20DD7E}
	EndGlobalSection
EndGlobal
